// !$*UTF8*$!
{
	archiveVersion = 1;
	classes = {
	};
	objectVersion = 56;
	objects = {

/* Begin PBXBuildFile section */
		4521F44C2C189EE400246189 /* RecordingManager.swift in Sources */ = {isa = PBXBuildFile; fileRef = 4521F44B2C189EE400246189 /* RecordingManager.swift */; };
		4521F4512C18B10200246189 /* MockRecordingManager.swift in Sources */ = {isa = PBXBuildFile; fileRef = 4521F4502C18B10200246189 /* MockRecordingManager.swift */; };
		4521F4532C18B11000246189 /* MockAudioManager.swift in Sources */ = {isa = PBXBuildFile; fileRef = 4521F4522C18B11000246189 /* MockAudioManager.swift */; };
		9900964E2C1B47250092C9FE /* SessionDetailViewModel.swift in Sources */ = {isa = PBXBuildFile; fileRef = 9900964D2C1B47250092C9FE /* SessionDetailViewModel.swift */; };
		991F56D02C0CC71700CC88BA /* RecordButtonView.swift in Sources */ = {isa = PBXBuildFile; fileRef = 991F56CF2C0CC71700CC88BA /* RecordButtonView.swift */; };
		991F56D72C0D361B00CC88BA /* Session.swift in Sources */ = {isa = PBXBuildFile; fileRef = 991F56D62C0D361B00CC88BA /* Session.swift */; };
		991F56D92C0D3B1E00CC88BA /* SessionCellView.swift in Sources */ = {isa = PBXBuildFile; fileRef = 991F56D82C0D3B1E00CC88BA /* SessionCellView.swift */; };
		9994611A2C3C5F6000BA862A /* ErrorMessageView.swift in Sources */ = {isa = PBXBuildFile; fileRef = 999461192C3C5F6000BA862A /* ErrorMessageView.swift */; };
		99A078462C1A01EC008EE21B /* Track.swift in Sources */ = {isa = PBXBuildFile; fileRef = 99A078452C1A01EC008EE21B /* Track.swift */; };
		99A0784A2C1A085B008EE21B /* SessionDetailView.swift in Sources */ = {isa = PBXBuildFile; fileRef = 99A078492C1A085B008EE21B /* SessionDetailView.swift */; };
		99A0784D2C1A5DE8008EE21B /* TrackCellView.swift in Sources */ = {isa = PBXBuildFile; fileRef = 99A0784C2C1A5DE8008EE21B /* TrackCellView.swift */; };
		99A0784F2C1A5E11008EE21B /* MasterCellView.swift in Sources */ = {isa = PBXBuildFile; fileRef = 99A0784E2C1A5E11008EE21B /* MasterCellView.swift */; };
		99A078512C1A78D7008EE21B /* HomeViewModel.swift in Sources */ = {isa = PBXBuildFile; fileRef = 99A078502C1A78D7008EE21B /* HomeViewModel.swift */; };
		99A384C42C1CB72B00736BA8 /* CellSpacerView.swift in Sources */ = {isa = PBXBuildFile; fileRef = 99A384C32C1CB72B00736BA8 /* CellSpacerView.swift */; };
		99A384C62C1CE9F600736BA8 /* HomeViewNavBarView.swift in Sources */ = {isa = PBXBuildFile; fileRef = 99A384C52C1CE9F600736BA8 /* HomeViewNavBarView.swift */; };
		99AD35C82C1355E50055CC2A /* DataPersistenceManager.swift in Sources */ = {isa = PBXBuildFile; fileRef = 99AD35C72C1355E50055CC2A /* DataPersistenceManager.swift */; };
		99B21E062C20A488004D5669 /* AppTheme.swift in Sources */ = {isa = PBXBuildFile; fileRef = 99B21E052C20A488004D5669 /* AppTheme.swift */; };
		99B21E092C21043F004D5669 /* AppSettingsView.swift in Sources */ = {isa = PBXBuildFile; fileRef = 99B21E082C21043F004D5669 /* AppSettingsView.swift */; };
		99C364EB2C0F61AE00873213 /* SessionsListView.swift in Sources */ = {isa = PBXBuildFile; fileRef = 99C364EA2C0F61AE00873213 /* SessionsListView.swift */; };
		99C364ED2C0F627800873213 /* SessionsListViewModel.swift in Sources */ = {isa = PBXBuildFile; fileRef = 99C364EC2C0F627800873213 /* SessionsListViewModel.swift */; };
		99C364F02C0F642B00873213 /* SessionFixtures.swift in Sources */ = {isa = PBXBuildFile; fileRef = 99C364EF2C0F642B00873213 /* SessionFixtures.swift */; };
		99DBF3762C225D2A002B6419 /* metrolow.wav in Resources */ = {isa = PBXBuildFile; fileRef = 99DBF3742C225D2A002B6419 /* metrolow.wav */; };
		99DBF3772C225D2A002B6419 /* metrohigh.wav in Resources */ = {isa = PBXBuildFile; fileRef = 99DBF3752C225D2A002B6419 /* metrohigh.wav */; };
		99DBF3792C235F3E002B6419 /* Metronome.swift in Sources */ = {isa = PBXBuildFile; fileRef = 99DBF3782C235F3D002B6419 /* Metronome.swift */; };
		99DBF37B2C236FED002B6419 /* AppSettingsViewModel.swift in Sources */ = {isa = PBXBuildFile; fileRef = 99DBF37A2C236FED002B6419 /* AppSettingsViewModel.swift */; };
		99DBF3802C24A2DE002B6419 /* PlaybackControlButtonView.swift in Sources */ = {isa = PBXBuildFile; fileRef = 99DBF37F2C24A2DE002B6419 /* PlaybackControlButtonView.swift */; };
		99F0F72D2C10F8C3001B22CE /* MetronomeButtonView.swift in Sources */ = {isa = PBXBuildFile; fileRef = 99F0F72C2C10F8C3001B22CE /* MetronomeButtonView.swift */; };
		99F0F72F2C1102D6001B22CE /* TrackingToolbarView.swift in Sources */ = {isa = PBXBuildFile; fileRef = 99F0F72E2C1102D6001B22CE /* TrackingToolbarView.swift */; };
		99F0F7332C112055001B22CE /* AudioManager.swift in Sources */ = {isa = PBXBuildFile; fileRef = 99F0F7322C112055001B22CE /* AudioManager.swift */; };
		99F9EE532B6EC9DE003308D2 /* SongLabApp.swift in Sources */ = {isa = PBXBuildFile; fileRef = 99F9EE522B6EC9DE003308D2 /* SongLabApp.swift */; };
		99F9EE552B6EC9DE003308D2 /* HomeView.swift in Sources */ = {isa = PBXBuildFile; fileRef = 99F9EE542B6EC9DE003308D2 /* HomeView.swift */; };
		99F9EE572B6EC9E0003308D2 /* Assets.xcassets in Resources */ = {isa = PBXBuildFile; fileRef = 99F9EE562B6EC9E0003308D2 /* Assets.xcassets */; };
		99F9EE5A2B6EC9E0003308D2 /* Preview Assets.xcassets in Resources */ = {isa = PBXBuildFile; fileRef = 99F9EE592B6EC9E0003308D2 /* Preview Assets.xcassets */; };
/* End PBXBuildFile section */

/* Begin PBXFileReference section */
		4521F44B2C189EE400246189 /* RecordingManager.swift */ = {isa = PBXFileReference; lastKnownFileType = sourcecode.swift; path = RecordingManager.swift; sourceTree = "<group>"; };
		4521F4502C18B10200246189 /* MockRecordingManager.swift */ = {isa = PBXFileReference; lastKnownFileType = sourcecode.swift; path = MockRecordingManager.swift; sourceTree = "<group>"; };
		4521F4522C18B11000246189 /* MockAudioManager.swift */ = {isa = PBXFileReference; lastKnownFileType = sourcecode.swift; path = MockAudioManager.swift; sourceTree = "<group>"; };
		9900964D2C1B47250092C9FE /* SessionDetailViewModel.swift */ = {isa = PBXFileReference; lastKnownFileType = sourcecode.swift; path = SessionDetailViewModel.swift; sourceTree = "<group>"; };
		991F56CF2C0CC71700CC88BA /* RecordButtonView.swift */ = {isa = PBXFileReference; lastKnownFileType = sourcecode.swift; path = RecordButtonView.swift; sourceTree = "<group>"; };
		991F56D62C0D361B00CC88BA /* Session.swift */ = {isa = PBXFileReference; lastKnownFileType = sourcecode.swift; path = Session.swift; sourceTree = "<group>"; };
		991F56D82C0D3B1E00CC88BA /* SessionCellView.swift */ = {isa = PBXFileReference; lastKnownFileType = sourcecode.swift; path = SessionCellView.swift; sourceTree = "<group>"; };
		999461192C3C5F6000BA862A /* ErrorMessageView.swift */ = {isa = PBXFileReference; lastKnownFileType = sourcecode.swift; path = ErrorMessageView.swift; sourceTree = "<group>"; };
		99A078452C1A01EC008EE21B /* Track.swift */ = {isa = PBXFileReference; lastKnownFileType = sourcecode.swift; path = Track.swift; sourceTree = "<group>"; };
		99A078492C1A085B008EE21B /* SessionDetailView.swift */ = {isa = PBXFileReference; lastKnownFileType = sourcecode.swift; path = SessionDetailView.swift; sourceTree = "<group>"; };
		99A0784C2C1A5DE8008EE21B /* TrackCellView.swift */ = {isa = PBXFileReference; lastKnownFileType = sourcecode.swift; path = TrackCellView.swift; sourceTree = "<group>"; };
		99A0784E2C1A5E11008EE21B /* MasterCellView.swift */ = {isa = PBXFileReference; lastKnownFileType = sourcecode.swift; path = MasterCellView.swift; sourceTree = "<group>"; };
		99A078502C1A78D7008EE21B /* HomeViewModel.swift */ = {isa = PBXFileReference; lastKnownFileType = sourcecode.swift; path = HomeViewModel.swift; sourceTree = "<group>"; };
		99A384C32C1CB72B00736BA8 /* CellSpacerView.swift */ = {isa = PBXFileReference; lastKnownFileType = sourcecode.swift; path = CellSpacerView.swift; sourceTree = "<group>"; };
		99A384C52C1CE9F600736BA8 /* HomeViewNavBarView.swift */ = {isa = PBXFileReference; lastKnownFileType = sourcecode.swift; path = HomeViewNavBarView.swift; sourceTree = "<group>"; };
		99AD35C72C1355E50055CC2A /* DataPersistenceManager.swift */ = {isa = PBXFileReference; fileEncoding = 4; lastKnownFileType = sourcecode.swift; path = DataPersistenceManager.swift; sourceTree = "<group>"; };
		99B21E052C20A488004D5669 /* AppTheme.swift */ = {isa = PBXFileReference; lastKnownFileType = sourcecode.swift; path = AppTheme.swift; sourceTree = "<group>"; };
		99B21E082C21043F004D5669 /* AppSettingsView.swift */ = {isa = PBXFileReference; lastKnownFileType = sourcecode.swift; path = AppSettingsView.swift; sourceTree = "<group>"; };
		99C364EA2C0F61AE00873213 /* SessionsListView.swift */ = {isa = PBXFileReference; lastKnownFileType = sourcecode.swift; path = SessionsListView.swift; sourceTree = "<group>"; };
		99C364EC2C0F627800873213 /* SessionsListViewModel.swift */ = {isa = PBXFileReference; lastKnownFileType = sourcecode.swift; path = SessionsListViewModel.swift; sourceTree = "<group>"; };
		99C364EF2C0F642B00873213 /* SessionFixtures.swift */ = {isa = PBXFileReference; lastKnownFileType = sourcecode.swift; path = SessionFixtures.swift; sourceTree = "<group>"; };
		99DBF3742C225D2A002B6419 /* metrolow.wav */ = {isa = PBXFileReference; lastKnownFileType = audio.wav; path = metrolow.wav; sourceTree = "<group>"; };
		99DBF3752C225D2A002B6419 /* metrohigh.wav */ = {isa = PBXFileReference; lastKnownFileType = audio.wav; path = metrohigh.wav; sourceTree = "<group>"; };
		99DBF3782C235F3D002B6419 /* Metronome.swift */ = {isa = PBXFileReference; lastKnownFileType = sourcecode.swift; path = Metronome.swift; sourceTree = "<group>"; };
		99DBF37A2C236FED002B6419 /* AppSettingsViewModel.swift */ = {isa = PBXFileReference; lastKnownFileType = sourcecode.swift; path = AppSettingsViewModel.swift; sourceTree = "<group>"; };
		99DBF37F2C24A2DE002B6419 /* PlaybackControlButtonView.swift */ = {isa = PBXFileReference; lastKnownFileType = sourcecode.swift; path = PlaybackControlButtonView.swift; sourceTree = "<group>"; };
		99F0F72C2C10F8C3001B22CE /* MetronomeButtonView.swift */ = {isa = PBXFileReference; lastKnownFileType = sourcecode.swift; path = MetronomeButtonView.swift; sourceTree = "<group>"; };
		99F0F72E2C1102D6001B22CE /* TrackingToolbarView.swift */ = {isa = PBXFileReference; lastKnownFileType = sourcecode.swift; path = TrackingToolbarView.swift; sourceTree = "<group>"; };
		99F0F7322C112055001B22CE /* AudioManager.swift */ = {isa = PBXFileReference; lastKnownFileType = sourcecode.swift; path = AudioManager.swift; sourceTree = "<group>"; };
		99F9EE4F2B6EC9DE003308D2 /* SongLab.app */ = {isa = PBXFileReference; explicitFileType = wrapper.application; includeInIndex = 0; path = SongLab.app; sourceTree = BUILT_PRODUCTS_DIR; };
		99F9EE522B6EC9DE003308D2 /* SongLabApp.swift */ = {isa = PBXFileReference; lastKnownFileType = sourcecode.swift; path = SongLabApp.swift; sourceTree = "<group>"; };
		99F9EE542B6EC9DE003308D2 /* HomeView.swift */ = {isa = PBXFileReference; lastKnownFileType = sourcecode.swift; path = HomeView.swift; sourceTree = "<group>"; };
		99F9EE562B6EC9E0003308D2 /* Assets.xcassets */ = {isa = PBXFileReference; lastKnownFileType = folder.assetcatalog; path = Assets.xcassets; sourceTree = "<group>"; };
		99F9EE592B6EC9E0003308D2 /* Preview Assets.xcassets */ = {isa = PBXFileReference; lastKnownFileType = folder.assetcatalog; path = "Preview Assets.xcassets"; sourceTree = "<group>"; };
/* End PBXFileReference section */

/* Begin PBXFrameworksBuildPhase section */
		99F9EE4C2B6EC9DE003308D2 /* Frameworks */ = {
			isa = PBXFrameworksBuildPhase;
			buildActionMask = 2147483647;
			files = (
			);
			runOnlyForDeploymentPostprocessing = 0;
		};
/* End PBXFrameworksBuildPhase section */

/* Begin PBXGroup section */
		4521F44D2C18B0CE00246189 /* Assets */ = {
			isa = PBXGroup;
			children = (
				99F9EE592B6EC9E0003308D2 /* Preview Assets.xcassets */,
			);
			path = Assets;
			sourceTree = "<group>";
		};
		4521F44E2C18B0D900246189 /* Fixtures */ = {
			isa = PBXGroup;
			children = (
				99C364EF2C0F642B00873213 /* SessionFixtures.swift */,
			);
			path = Fixtures;
			sourceTree = "<group>";
		};
		4521F44F2C18B0E400246189 /* Mocks */ = {
			isa = PBXGroup;
			children = (
				4521F4522C18B11000246189 /* MockAudioManager.swift */,
				4521F4502C18B10200246189 /* MockRecordingManager.swift */,
			);
			path = Mocks;
			sourceTree = "<group>";
		};
		991F56D52C0D360A00CC88BA /* Models */ = {
			isa = PBXGroup;
			children = (
				991F56D62C0D361B00CC88BA /* Session.swift */,
				99A078452C1A01EC008EE21B /* Track.swift */,
			);
			path = Models;
			sourceTree = "<group>";
		};
		99A078482C1A083E008EE21B /* SessionDetail */ = {
			isa = PBXGroup;
			children = (
				99A078492C1A085B008EE21B /* SessionDetailView.swift */,
				9900964D2C1B47250092C9FE /* SessionDetailViewModel.swift */,
				99A0784B2C1A5DD8008EE21B /* Components */,
			);
			path = SessionDetail;
			sourceTree = "<group>";
		};
		99A0784B2C1A5DD8008EE21B /* Components */ = {
			isa = PBXGroup;
			children = (
				99A0784C2C1A5DE8008EE21B /* TrackCellView.swift */,
				99A0784E2C1A5E11008EE21B /* MasterCellView.swift */,
			);
			path = Components;
			sourceTree = "<group>";
		};
		99AD35C62C1355B70055CC2A /* Services */ = {
			isa = PBXGroup;
			children = (
				99DBF3712C22417B002B6419 /* Sounds */,
				99F0F7322C112055001B22CE /* AudioManager.swift */,
				4521F44B2C189EE400246189 /* RecordingManager.swift */,
				99AD35C72C1355E50055CC2A /* DataPersistenceManager.swift */,
				99B21E052C20A488004D5669 /* AppTheme.swift */,
				99DBF3782C235F3D002B6419 /* Metronome.swift */,
				999461192C3C5F6000BA862A /* ErrorMessageView.swift */,
			);
			path = Services;
			sourceTree = "<group>";
		};
		99B21E072C210411004D5669 /* AppSettings */ = {
			isa = PBXGroup;
			children = (
				99B21E082C21043F004D5669 /* AppSettingsView.swift */,
				99DBF37A2C236FED002B6419 /* AppSettingsViewModel.swift */,
			);
			path = AppSettings;
			sourceTree = "<group>";
		};
		99C364E62C0F615200873213 /* App */ = {
			isa = PBXGroup;
			children = (
				99F9EE522B6EC9DE003308D2 /* SongLabApp.swift */,
			);
			path = App;
			sourceTree = "<group>";
		};
		99C364E72C0F616700873213 /* Components */ = {
			isa = PBXGroup;
			children = (
				99B21E072C210411004D5669 /* AppSettings */,
				99DBF37C2C24A243002B6419 /* CellComponents */,
				99C364E82C0F617F00873213 /* Home */,
				99C364E92C0F619500873213 /* RecordingsList */,
				99A078482C1A083E008EE21B /* SessionDetail */,
				99F0F72B2C10F8A1001B22CE /* TrackingToolBar */,
			);
			path = Components;
			sourceTree = "<group>";
		};
		99C364E82C0F617F00873213 /* Home */ = {
			isa = PBXGroup;
			children = (
				99F9EE542B6EC9DE003308D2 /* HomeView.swift */,
				99A078502C1A78D7008EE21B /* HomeViewModel.swift */,
				99A384C52C1CE9F600736BA8 /* HomeViewNavBarView.swift */,
			);
			path = Home;
			sourceTree = "<group>";
		};
		99C364E92C0F619500873213 /* RecordingsList */ = {
			isa = PBXGroup;
			children = (
				99C364EA2C0F61AE00873213 /* SessionsListView.swift */,
				99C364EC2C0F627800873213 /* SessionsListViewModel.swift */,
				991F56D82C0D3B1E00CC88BA /* SessionCellView.swift */,
				99A384C32C1CB72B00736BA8 /* CellSpacerView.swift */,
			);
			path = RecordingsList;
			sourceTree = "<group>";
		};
		99DBF3712C22417B002B6419 /* Sounds */ = {
			isa = PBXGroup;
			children = (
				99DBF3752C225D2A002B6419 /* metrohigh.wav */,
				99DBF3742C225D2A002B6419 /* metrolow.wav */,
			);
			path = Sounds;
			sourceTree = "<group>";
		};
		99DBF37C2C24A243002B6419 /* CellComponents */ = {
			isa = PBXGroup;
			children = (
				99DBF37F2C24A2DE002B6419 /* PlaybackControlButtonView.swift */,
			);
			path = CellComponents;
			sourceTree = "<group>";
		};
		99F0F72B2C10F8A1001B22CE /* TrackingToolBar */ = {
			isa = PBXGroup;
			children = (
				99F0F72E2C1102D6001B22CE /* TrackingToolbarView.swift */,
				99FEF52B2C1126D6004E1031 /* Components */,
			);
			path = TrackingToolBar;
			sourceTree = "<group>";
		};
		99F9EE462B6EC9DE003308D2 = {
			isa = PBXGroup;
			children = (
				99F9EE512B6EC9DE003308D2 /* SongLab */,
				99F9EE502B6EC9DE003308D2 /* Products */,
			);
			sourceTree = "<group>";
		};
		99F9EE502B6EC9DE003308D2 /* Products */ = {
			isa = PBXGroup;
			children = (
				99F9EE4F2B6EC9DE003308D2 /* SongLab.app */,
			);
			name = Products;
			sourceTree = "<group>";
		};
		99F9EE512B6EC9DE003308D2 /* SongLab */ = {
			isa = PBXGroup;
			children = (
				99F9EE562B6EC9E0003308D2 /* Assets.xcassets */,
				99C364E62C0F615200873213 /* App */,
				991F56D52C0D360A00CC88BA /* Models */,
				99C364E72C0F616700873213 /* Components */,
				99AD35C62C1355B70055CC2A /* Services */,
				99F9EE582B6EC9E0003308D2 /* Preview Content */,
			);
			path = SongLab;
			sourceTree = "<group>";
		};
		99F9EE582B6EC9E0003308D2 /* Preview Content */ = {
			isa = PBXGroup;
			children = (
				4521F44F2C18B0E400246189 /* Mocks */,
				4521F44E2C18B0D900246189 /* Fixtures */,
				4521F44D2C18B0CE00246189 /* Assets */,
			);
			path = "Preview Content";
			sourceTree = "<group>";
		};
		99FEF52B2C1126D6004E1031 /* Components */ = {
			isa = PBXGroup;
			children = (
				99F0F72C2C10F8C3001B22CE /* MetronomeButtonView.swift */,
				991F56CF2C0CC71700CC88BA /* RecordButtonView.swift */,
			);
			path = Components;
			sourceTree = "<group>";
		};
/* End PBXGroup section */

/* Begin PBXNativeTarget section */
		99F9EE4E2B6EC9DE003308D2 /* SongLab */ = {
			isa = PBXNativeTarget;
			buildConfigurationList = 99F9EE5D2B6EC9E0003308D2 /* Build configuration list for PBXNativeTarget "SongLab" */;
			buildPhases = (
				99F9EE4B2B6EC9DE003308D2 /* Sources */,
				99F9EE4C2B6EC9DE003308D2 /* Frameworks */,
				99F9EE4D2B6EC9DE003308D2 /* Resources */,
			);
			buildRules = (
			);
			dependencies = (
			);
			name = SongLab;
			productName = SongLab;
			productReference = 99F9EE4F2B6EC9DE003308D2 /* SongLab.app */;
			productType = "com.apple.product-type.application";
		};
/* End PBXNativeTarget section */

/* Begin PBXProject section */
		99F9EE472B6EC9DE003308D2 /* Project object */ = {
			isa = PBXProject;
			attributes = {
				BuildIndependentTargetsInParallel = 1;
				LastSwiftUpdateCheck = 1520;
				LastUpgradeCheck = 1520;
				TargetAttributes = {
					99F9EE4E2B6EC9DE003308D2 = {
						CreatedOnToolsVersion = 15.2;
					};
				};
			};
			buildConfigurationList = 99F9EE4A2B6EC9DE003308D2 /* Build configuration list for PBXProject "SongLab" */;
			compatibilityVersion = "Xcode 14.0";
			developmentRegion = en;
			hasScannedForEncodings = 0;
			knownRegions = (
				en,
				Base,
			);
			mainGroup = 99F9EE462B6EC9DE003308D2;
			productRefGroup = 99F9EE502B6EC9DE003308D2 /* Products */;
			projectDirPath = "";
			projectRoot = "";
			targets = (
				99F9EE4E2B6EC9DE003308D2 /* SongLab */,
			);
		};
/* End PBXProject section */

/* Begin PBXResourcesBuildPhase section */
		99F9EE4D2B6EC9DE003308D2 /* Resources */ = {
			isa = PBXResourcesBuildPhase;
			buildActionMask = 2147483647;
			files = (
				99DBF3772C225D2A002B6419 /* metrohigh.wav in Resources */,
				99F9EE5A2B6EC9E0003308D2 /* Preview Assets.xcassets in Resources */,
				99DBF3762C225D2A002B6419 /* metrolow.wav in Resources */,
				99F9EE572B6EC9E0003308D2 /* Assets.xcassets in Resources */,
			);
			runOnlyForDeploymentPostprocessing = 0;
		};
/* End PBXResourcesBuildPhase section */

/* Begin PBXSourcesBuildPhase section */
		99F9EE4B2B6EC9DE003308D2 /* Sources */ = {
			isa = PBXSourcesBuildPhase;
			buildActionMask = 2147483647;
			files = (
				99A384C42C1CB72B00736BA8 /* CellSpacerView.swift in Sources */,
				99A078512C1A78D7008EE21B /* HomeViewModel.swift in Sources */,
				99F0F72D2C10F8C3001B22CE /* MetronomeButtonView.swift in Sources */,
				99F0F72F2C1102D6001B22CE /* TrackingToolbarView.swift in Sources */,
				99AD35C82C1355E50055CC2A /* DataPersistenceManager.swift in Sources */,
				99C364ED2C0F627800873213 /* SessionsListViewModel.swift in Sources */,
				99A078462C1A01EC008EE21B /* Track.swift in Sources */,
				9900964E2C1B47250092C9FE /* SessionDetailViewModel.swift in Sources */,
				99C364F02C0F642B00873213 /* SessionFixtures.swift in Sources */,
				4521F4512C18B10200246189 /* MockRecordingManager.swift in Sources */,
				99A0784F2C1A5E11008EE21B /* MasterCellView.swift in Sources */,
				99B21E092C21043F004D5669 /* AppSettingsView.swift in Sources */,
				99F0F7332C112055001B22CE /* AudioManager.swift in Sources */,
				991F56D02C0CC71700CC88BA /* RecordButtonView.swift in Sources */,
				99F9EE552B6EC9DE003308D2 /* HomeView.swift in Sources */,
				99F9EE532B6EC9DE003308D2 /* SongLabApp.swift in Sources */,
				991F56D72C0D361B00CC88BA /* Session.swift in Sources */,
				99DBF3792C235F3E002B6419 /* Metronome.swift in Sources */,
				4521F4532C18B11000246189 /* MockAudioManager.swift in Sources */,
				99A0784D2C1A5DE8008EE21B /* TrackCellView.swift in Sources */,
				9994611A2C3C5F6000BA862A /* ErrorMessageView.swift in Sources */,
				99A384C62C1CE9F600736BA8 /* HomeViewNavBarView.swift in Sources */,
				99C364EB2C0F61AE00873213 /* SessionsListView.swift in Sources */,
				99DBF3802C24A2DE002B6419 /* PlaybackControlButtonView.swift in Sources */,
				4521F44C2C189EE400246189 /* RecordingManager.swift in Sources */,
				99B21E062C20A488004D5669 /* AppTheme.swift in Sources */,
				99A0784A2C1A085B008EE21B /* SessionDetailView.swift in Sources */,
				991F56D92C0D3B1E00CC88BA /* SessionCellView.swift in Sources */,
				99DBF37B2C236FED002B6419 /* AppSettingsViewModel.swift in Sources */,
			);
			runOnlyForDeploymentPostprocessing = 0;
		};
/* End PBXSourcesBuildPhase section */

/* Begin XCBuildConfiguration section */
		99F9EE5B2B6EC9E0003308D2 /* Debug */ = {
			isa = XCBuildConfiguration;
			buildSettings = {
				ALWAYS_SEARCH_USER_PATHS = NO;
				ASSETCATALOG_COMPILER_GENERATE_SWIFT_ASSET_SYMBOL_EXTENSIONS = YES;
				CLANG_ANALYZER_NONNULL = YES;
				CLANG_ANALYZER_NUMBER_OBJECT_CONVERSION = YES_AGGRESSIVE;
				CLANG_CXX_LANGUAGE_STANDARD = "gnu++20";
				CLANG_ENABLE_MODULES = YES;
				CLANG_ENABLE_OBJC_ARC = YES;
				CLANG_ENABLE_OBJC_WEAK = YES;
				CLANG_WARN_BLOCK_CAPTURE_AUTORELEASING = YES;
				CLANG_WARN_BOOL_CONVERSION = YES;
				CLANG_WARN_COMMA = YES;
				CLANG_WARN_CONSTANT_CONVERSION = YES;
				CLANG_WARN_DEPRECATED_OBJC_IMPLEMENTATIONS = YES;
				CLANG_WARN_DIRECT_OBJC_ISA_USAGE = YES_ERROR;
				CLANG_WARN_DOCUMENTATION_COMMENTS = YES;
				CLANG_WARN_EMPTY_BODY = YES;
				CLANG_WARN_ENUM_CONVERSION = YES;
				CLANG_WARN_INFINITE_RECURSION = YES;
				CLANG_WARN_INT_CONVERSION = YES;
				CLANG_WARN_NON_LITERAL_NULL_CONVERSION = YES;
				CLANG_WARN_OBJC_IMPLICIT_RETAIN_SELF = YES;
				CLANG_WARN_OBJC_LITERAL_CONVERSION = YES;
				CLANG_WARN_OBJC_ROOT_CLASS = YES_ERROR;
				CLANG_WARN_QUOTED_INCLUDE_IN_FRAMEWORK_HEADER = YES;
				CLANG_WARN_RANGE_LOOP_ANALYSIS = YES;
				CLANG_WARN_STRICT_PROTOTYPES = YES;
				CLANG_WARN_SUSPICIOUS_MOVE = YES;
				CLANG_WARN_UNGUARDED_AVAILABILITY = YES_AGGRESSIVE;
				CLANG_WARN_UNREACHABLE_CODE = YES;
				CLANG_WARN__DUPLICATE_METHOD_MATCH = YES;
				COPY_PHASE_STRIP = NO;
				DEBUG_INFORMATION_FORMAT = dwarf;
				ENABLE_STRICT_OBJC_MSGSEND = YES;
				ENABLE_TESTABILITY = YES;
				ENABLE_USER_SCRIPT_SANDBOXING = YES;
				GCC_C_LANGUAGE_STANDARD = gnu17;
				GCC_DYNAMIC_NO_PIC = NO;
				GCC_NO_COMMON_BLOCKS = YES;
				GCC_OPTIMIZATION_LEVEL = 0;
				GCC_PREPROCESSOR_DEFINITIONS = (
					"DEBUG=1",
					"$(inherited)",
				);
				GCC_WARN_64_TO_32_BIT_CONVERSION = YES;
				GCC_WARN_ABOUT_RETURN_TYPE = YES_ERROR;
				GCC_WARN_UNDECLARED_SELECTOR = YES;
				GCC_WARN_UNINITIALIZED_AUTOS = YES_AGGRESSIVE;
				GCC_WARN_UNUSED_FUNCTION = YES;
				GCC_WARN_UNUSED_VARIABLE = YES;
				IPHONEOS_DEPLOYMENT_TARGET = 17.2;
				LOCALIZATION_PREFERS_STRING_CATALOGS = YES;
				MTL_ENABLE_DEBUG_INFO = INCLUDE_SOURCE;
				MTL_FAST_MATH = YES;
				ONLY_ACTIVE_ARCH = YES;
				SDKROOT = iphoneos;
				SWIFT_ACTIVE_COMPILATION_CONDITIONS = "DEBUG $(inherited)";
				SWIFT_OPTIMIZATION_LEVEL = "-Onone";
			};
			name = Debug;
		};
		99F9EE5C2B6EC9E0003308D2 /* Release */ = {
			isa = XCBuildConfiguration;
			buildSettings = {
				ALWAYS_SEARCH_USER_PATHS = NO;
				ASSETCATALOG_COMPILER_GENERATE_SWIFT_ASSET_SYMBOL_EXTENSIONS = YES;
				CLANG_ANALYZER_NONNULL = YES;
				CLANG_ANALYZER_NUMBER_OBJECT_CONVERSION = YES_AGGRESSIVE;
				CLANG_CXX_LANGUAGE_STANDARD = "gnu++20";
				CLANG_ENABLE_MODULES = YES;
				CLANG_ENABLE_OBJC_ARC = YES;
				CLANG_ENABLE_OBJC_WEAK = YES;
				CLANG_WARN_BLOCK_CAPTURE_AUTORELEASING = YES;
				CLANG_WARN_BOOL_CONVERSION = YES;
				CLANG_WARN_COMMA = YES;
				CLANG_WARN_CONSTANT_CONVERSION = YES;
				CLANG_WARN_DEPRECATED_OBJC_IMPLEMENTATIONS = YES;
				CLANG_WARN_DIRECT_OBJC_ISA_USAGE = YES_ERROR;
				CLANG_WARN_DOCUMENTATION_COMMENTS = YES;
				CLANG_WARN_EMPTY_BODY = YES;
				CLANG_WARN_ENUM_CONVERSION = YES;
				CLANG_WARN_INFINITE_RECURSION = YES;
				CLANG_WARN_INT_CONVERSION = YES;
				CLANG_WARN_NON_LITERAL_NULL_CONVERSION = YES;
				CLANG_WARN_OBJC_IMPLICIT_RETAIN_SELF = YES;
				CLANG_WARN_OBJC_LITERAL_CONVERSION = YES;
				CLANG_WARN_OBJC_ROOT_CLASS = YES_ERROR;
				CLANG_WARN_QUOTED_INCLUDE_IN_FRAMEWORK_HEADER = YES;
				CLANG_WARN_RANGE_LOOP_ANALYSIS = YES;
				CLANG_WARN_STRICT_PROTOTYPES = YES;
				CLANG_WARN_SUSPICIOUS_MOVE = YES;
				CLANG_WARN_UNGUARDED_AVAILABILITY = YES_AGGRESSIVE;
				CLANG_WARN_UNREACHABLE_CODE = YES;
				CLANG_WARN__DUPLICATE_METHOD_MATCH = YES;
				COPY_PHASE_STRIP = NO;
				DEBUG_INFORMATION_FORMAT = "dwarf-with-dsym";
				ENABLE_NS_ASSERTIONS = NO;
				ENABLE_STRICT_OBJC_MSGSEND = YES;
				ENABLE_USER_SCRIPT_SANDBOXING = YES;
				GCC_C_LANGUAGE_STANDARD = gnu17;
				GCC_NO_COMMON_BLOCKS = YES;
				GCC_WARN_64_TO_32_BIT_CONVERSION = YES;
				GCC_WARN_ABOUT_RETURN_TYPE = YES_ERROR;
				GCC_WARN_UNDECLARED_SELECTOR = YES;
				GCC_WARN_UNINITIALIZED_AUTOS = YES_AGGRESSIVE;
				GCC_WARN_UNUSED_FUNCTION = YES;
				GCC_WARN_UNUSED_VARIABLE = YES;
				IPHONEOS_DEPLOYMENT_TARGET = 17.2;
				LOCALIZATION_PREFERS_STRING_CATALOGS = YES;
				MTL_ENABLE_DEBUG_INFO = NO;
				MTL_FAST_MATH = YES;
				SDKROOT = iphoneos;
				SWIFT_COMPILATION_MODE = wholemodule;
				VALIDATE_PRODUCT = YES;
			};
			name = Release;
		};
		99F9EE5E2B6EC9E0003308D2 /* Debug */ = {
			isa = XCBuildConfiguration;
			buildSettings = {
				ASSETCATALOG_COMPILER_APPICON_NAME = AppIcon;
				ASSETCATALOG_COMPILER_GLOBAL_ACCENT_COLOR_NAME = AccentColor;
				ASSETCATALOG_COMPILER_INCLUDE_ALL_APPICON_ASSETS = YES;
				CODE_SIGN_STYLE = Automatic;
				CURRENT_PROJECT_VERSION = 1;
				DEVELOPMENT_ASSET_PATHS = "\"SongLab/Preview Content\"";
				DEVELOPMENT_TEAM = G62H7YX6F2;
				ENABLE_PREVIEWS = YES;
				GENERATE_INFOPLIST_FILE = YES;
				INFOPLIST_FILE = SongLab/Info.plist;
				INFOPLIST_KEY_LSApplicationCategoryType = "public.app-category.music";
				INFOPLIST_KEY_LSSupportsOpeningDocumentsInPlace = NO;
				INFOPLIST_KEY_NSMicrophoneUsageDescription = "This can be changed later in device settings.";
				INFOPLIST_KEY_UIApplicationSceneManifest_Generation = YES;
				INFOPLIST_KEY_UIApplicationSupportsIndirectInputEvents = YES;
				INFOPLIST_KEY_UILaunchScreen_Generation = YES;
				INFOPLIST_KEY_UISupportedInterfaceOrientations = UIInterfaceOrientationPortrait;
				IPHONEOS_DEPLOYMENT_TARGET = 17.0;
				LD_RUNPATH_SEARCH_PATHS = (
					"$(inherited)",
					"@executable_path/Frameworks",
				);
				MARKETING_VERSION = 1.0;
				PRODUCT_BUNDLE_IDENTIFIER = "com.AlexSeals.Song-Lab";
				PRODUCT_NAME = "$(TARGET_NAME)";
				SWIFT_EMIT_LOC_STRINGS = YES;
				SWIFT_VERSION = 5.0;
				TARGETED_DEVICE_FAMILY = "1,2";
			};
			name = Debug;
		};
		99F9EE5F2B6EC9E0003308D2 /* Release */ = {
			isa = XCBuildConfiguration;
			buildSettings = {
				ASSETCATALOG_COMPILER_APPICON_NAME = AppIcon;
				"ASSETCATALOG_COMPILER_APPICON_NAME[sdk=iphoneos*]" = AppIcon;
				ASSETCATALOG_COMPILER_GLOBAL_ACCENT_COLOR_NAME = AccentColor;
				ASSETCATALOG_COMPILER_INCLUDE_ALL_APPICON_ASSETS = YES;
				CODE_SIGN_STYLE = Automatic;
				CURRENT_PROJECT_VERSION = 1;
				DEVELOPMENT_ASSET_PATHS = "\"SongLab/Preview Content\"";
				DEVELOPMENT_TEAM = G62H7YX6F2;
				ENABLE_PREVIEWS = YES;
				GENERATE_INFOPLIST_FILE = YES;
				INFOPLIST_FILE = SongLab/Info.plist;
				INFOPLIST_KEY_LSApplicationCategoryType = "public.app-category.music";
				INFOPLIST_KEY_LSSupportsOpeningDocumentsInPlace = NO;
				INFOPLIST_KEY_NSMicrophoneUsageDescription = "This can be changed later in device settings.";
				INFOPLIST_KEY_UIApplicationSceneManifest_Generation = YES;
				INFOPLIST_KEY_UIApplicationSupportsIndirectInputEvents = YES;
				INFOPLIST_KEY_UILaunchScreen_Generation = YES;
				INFOPLIST_KEY_UISupportedInterfaceOrientations = UIInterfaceOrientationPortrait;
				IPHONEOS_DEPLOYMENT_TARGET = 17.0;
				LD_RUNPATH_SEARCH_PATHS = (
					"$(inherited)",
					"@executable_path/Frameworks",
				);
				MARKETING_VERSION = 1.0;
				PRODUCT_BUNDLE_IDENTIFIER = "com.AlexSeals.Song-Lab";
				PRODUCT_NAME = "$(TARGET_NAME)";
				SWIFT_EMIT_LOC_STRINGS = YES;
				SWIFT_VERSION = 5.0;
				TARGETED_DEVICE_FAMILY = "1,2";
			};
			name = Release;
		};
/* End XCBuildConfiguration section */

/* Begin XCConfigurationList section */
		99F9EE4A2B6EC9DE003308D2 /* Build configuration list for PBXProject "SongLab" */ = {
			isa = XCConfigurationList;
			buildConfigurations = (
				99F9EE5B2B6EC9E0003308D2 /* Debug */,
				99F9EE5C2B6EC9E0003308D2 /* Release */,
			);
			defaultConfigurationIsVisible = 0;
			defaultConfigurationName = Release;
		};
		99F9EE5D2B6EC9E0003308D2 /* Build configuration list for PBXNativeTarget "SongLab" */ = {
			isa = XCConfigurationList;
			buildConfigurations = (
				99F9EE5E2B6EC9E0003308D2 /* Debug */,
				99F9EE5F2B6EC9E0003308D2 /* Release */,
			);
			defaultConfigurationIsVisible = 0;
			defaultConfigurationName = Release;
		};
/* End XCConfigurationList section */
	};
	rootObject = 99F9EE472B6EC9DE003308D2 /* Project object */;
}
